
Microsoft Visual Studio Solution File, Format Version 12.00
# Visual Studio Version 17
VisualStudioVersion = 17.2.32602.215
MinimumVisualStudioVersion = 10.0.40219.1
Project("{FAE04EC0-301F-11D3-BF4B-00C04F79EFBC}") = "DevCard_MVC", "DevCard_MVC\DevCard_MVC.csproj", "{698BA37D-6A32-43B0-B603-ECC6A2A598B8}"
EndProject
Global
	GlobalSection(SolutionConfigurationPlatforms) = preSolution
		Debug|Any CPU = Debug|Any CPU
		Release|Any CPU = Release|Any CPU
	EndGlobalSection
	GlobalSection(ProjectConfigurationPlatforms) = postSolution
		{698BA37D-6A32-43B0-B603-ECC6A2A598B8}.Debug|Any CPU.ActiveCfg = Debug|Any CPU
		{698BA37D-6A32-43B0-B603-ECC6A2A598B8}.Debug|Any CPU.Build.0 = Debug|Any CPU
		{698BA37D-6A32-43B0-B603-ECC6A2A598B8}.Release|Any CPU.ActiveCfg = Release|Any CPU
		{698BA37D-6A32-43B0-B603-ECC6A2A598B8}.Release|Any CPU.Build.0 = Release|Any CPU
	EndGlobalSection
	GlobalSection(SolutionProperties) = preSolution
		HideSolutionNode = FALSE
	EndGlobalSection
	GlobalSection(ExtensibilityGlobals) = postSolution
		SolutionGuid = {FAD525A9-66A6-4C28-9620-9E3AD89708E5}
	EndGlobalSection
EndGlobal
